{
  "requires": true,
  "lockfileVersion": 1,
  "dependencies": {
    "vanilla-pincode-autotab": {
      "version": "1.0.1",
      "resolved": "https://registry.npmjs.org/vanilla-pincode-autotab/-/vanilla-pincode-autotab-1.0.1.tgz",
      "integrity": "sha512-V1HKPr6716siK59X01TUqt+XQHVQJx687luMlAtSMb4uizsB4bfOzDy+HY4Nw6zIu8fvHgoNlBhPYO4RgREHCg=="
    }
  }
}
